Microsoft Visual Studio Solution File, Format Version 12.00
# Visual Studio 15
VisualStudioVersion = 15.0.28010.2046
MinimumVisualStudioVersion = 10.0.40219.1
Project("{2150E333-8FDC-42A3-9474-1A3956D46DE8}") = "1. Greeter", "1. Greeter", "{8B0141BA-576A-4C8B-80C7-3B4E946113A2}"
EndProject
Project("{2150E333-8FDC-42A3-9474-1A3956D46DE8}") = "2. Counter", "2. Counter", "{A093AA42-A242-45C7-B8A3-5F3EE09634AA}"
EndProject
Project("{2150E333-8FDC-42A3-9474-1A3956D46DE8}") = "3. Behavior", "3. Behavior", "{90D5809D-681A-40BD-933F-BC9BB1E98CD8}"
EndProject
Project("{2150E333-8FDC-42A3-9474-1A3956D46DE8}") = "4. Remote Actor", "4. Remote Actor", "{6B4C10DF-405D-4E17-A2A2-3058B59ED8ED}"
EndProject
Project("{2150E333-8FDC-42A3-9474-1A3956D46DE8}") = "5. Supervision", "5. Supervision", "{449548BD-EB4F-4A91-AA72-2F37B74E3246}"
EndProject
Project("{2150E333-8FDC-42A3-9474-1A3956D46DE8}") = "6. Mobile", "6. Mobile", "{018BA538-278E-4A8C-AA72-F187E22F0582}"
EndProject
Project("{2150E333-8FDC-42A3-9474-1A3956D46DE8}") = "CSharp", "CSharp", "{9841304E-3353-46C2-A736-0426572B9A7A}"
EndProject
Project("{FAE04EC0-301F-11D3-BF4B-00C04F79EFBC}") = "MobileCrawler.CSharp.iOS", "Mobile\CSharp\iOS\MobileCrawler.CSharp.iOS.csproj", "{AED08480-67F0-44F2-A0F0-620ED363CFB7}"
EndProject
Project("{FAE04EC0-301F-11D3-BF4B-00C04F79EFBC}") = "MobileCrawler.CSharp.Droid", "Mobile\CSharp\Droid\MobileCrawler.CSharp.Droid.csproj", "{E9608B7F-F331-4C42-8205-23D02A46296C}"
EndProject
Project("{9A19103F-16F7-4668-BE54-9A1E7A4F7556}") = "MobileCrawler.CSharp", "Mobile\CSharp\MobileCrawler.CSharp\MobileCrawler.CSharp.csproj", "{93A16B29-C56B-4FAD-93BF-0C57429656F4}"
EndProject
Project("{6EC3EE1D-3C4E-46DD-8F32-0CC8E7565705}") = "Greeter.FSharp", "Greeter\Greeter.FSharp\Greeter.FSharp.fsproj", "{CCA4057C-C968-430B-AFD0-9CDA2B93C23D}"
EndProject
Project("{9A19103F-16F7-4668-BE54-9A1E7A4F7556}") = "Greeter.CSharp", "Greeter\Greeter.CSharp\Greeter.CSharp.csproj", "{305E0D3B-D543-486C-B1BC-B41214293FC5}"
EndProject
Project("{9A19103F-16F7-4668-BE54-9A1E7A4F7556}") = "Counter.CSharp", "Counter\Counter.CSharp\Counter.CSharp.csproj", "{1A34E412-6C6B-47C3-A361-8D1E4E368BBB}"
EndProject
Project("{6EC3EE1D-3C4E-46DD-8F32-0CC8E7565705}") = "Counter.FSharp", "Counter\Counter.FSharp\Counter.FSharp.fsproj", "{390A59C1-2823-4740-8CAF-DD35D0F6CBE8}"
EndProject
Project("{9A19103F-16F7-4668-BE54-9A1E7A4F7556}") = "Behavior.CSharp", "Behavior\Behavior.CSharp\Behavior.CSharp.csproj", "{C5701394-0E45-4904-86CD-2E82B83DCB6A}"
EndProject
Project("{6EC3EE1D-3C4E-46DD-8F32-0CC8E7565705}") = "Behavior.FSharp", "Behavior\Behavior.FSharp\Behavior.FSharp.fsproj", "{CF7FC9CD-7B6B-4774-96D1-923D4DD0A16F}"
EndProject
Project("{9A19103F-16F7-4668-BE54-9A1E7A4F7556}") = "Supervision.CSharp", "Supervision\Supervision.CSharp\Supervision.CSharp.csproj", "{843B5445-EE3C-4310-BC67-BFD70200C4DD}"
EndProject
Project("{6EC3EE1D-3C4E-46DD-8F32-0CC8E7565705}") = "Supervision.FSharp", "Supervision\Supervision.FSharp\Supervision.FSharp.fsproj", "{FBE04A68-2E55-4A50-A88A-EDED4AB336AD}"
EndProject
Project("{2150E333-8FDC-42A3-9474-1A3956D46DE8}") = "CSharp", "CSharp", "{E390B476-FB58-4A8F-9C68-E13EEAEED59C}"
EndProject
Project("{9A19103F-16F7-4668-BE54-9A1E7A4F7556}") = "RemoteActor.Shared.CSharp", "RemoteGreeter\RemoteActor.Shared.CSharp\RemoteActor.Shared.CSharp.csproj", "{D0FE69F1-A627-4566-A465-17E07E29A51F}"
EndProject
Project("{9A19103F-16F7-4668-BE54-9A1E7A4F7556}") = "RemoteActor.Deployer.CSharp", "RemoteGreeter\RemoteActor.Deployer.CSharp\RemoteActor.Deployer.CSharp.csproj", "{29459490-2B0F-4BC8-A6A8-5D7E4DD54EA5}"
EndProject
Project("{9A19103F-16F7-4668-BE54-9A1E7A4F7556}") = "RemoteActor.DeployTarget.CSharp", "RemoteGreeter\RemoteActor.DeployTarget.CSharp\RemoteActor.DeployTarget.CSharp.csproj", "{19BDC7F1-B8E3-4EF6-B9E0-073C4B005315}"
EndProject
Project("{2150E333-8FDC-42A3-9474-1A3956D46DE8}") = "FSharp", "FSharp", "{1ECB00F3-CB11-498D-A70A-E0C7245CF0B6}"
EndProject
Project("{6EC3EE1D-3C4E-46DD-8F32-0CC8E7565705}") = "RemoteActor.Deployer.FSharp", "RemoteGreeter\RemoteActor.Deployer.FSharp\RemoteActor.Deployer.FSharp.fsproj", "{BE61BC12-A4F8-4799-B497-C4E82EAA2857}"
EndProject
Project("{6EC3EE1D-3C4E-46DD-8F32-0CC8E7565705}") = "RemoteActor.DeployTarget.FSharp", "RemoteGreeter\RemoteActor.DeployTarget.FSharp\RemoteActor.DeployTarget.FSharp.fsproj", "{C2559CA6-2002-4FEC-9855-069CF4E6F21D}"
EndProject
Project("{FAE04EC0-301F-11D3-BF4B-00C04F79EFBC}") = "MobileCrawler.CSharp.UWP", "Mobile\CSharp\UWP\MobileCrawler.CSharp.UWP.csproj", "{017B646E-D025-47B5-8888-11BBADF753F9}"
EndProject
Project("{2150E333-8FDC-42A3-9474-1A3956D46DE8}") = "7. Clustering", "7. Clustering", "{5D8FEE49-1274-4A51-BE2E-3244E36EAE6F}"
EndProject
Project("{FAE04EC0-301F-11D3-BF4B-00C04F79EFBC}") = "Clustering.CSharp", "Clustering\Clustering.CSharp\Clustering.CSharp.csproj", "{E9DCE865-FCC8-4D15-9432-B961E0FC1661}"
EndProject
Global
	GlobalSection(SolutionConfigurationPlatforms) = preSolution
		Debug|Any CPU = Debug|Any CPU
		Debug|ARM = Debug|ARM
		Debug|iPhone = Debug|iPhone
		Debug|iPhoneSimulator = Debug|iPhoneSimulator
		Debug|x64 = Debug|x64
		Debug|x86 = Debug|x86
		Release|Any CPU = Release|Any CPU
		Release|ARM = Release|ARM
		Release|iPhone = Release|iPhone
		Release|iPhoneSimulator = Release|iPhoneSimulator
		Release|x64 = Release|x64
		Release|x86 = Release|x86
	EndGlobalSection
	GlobalSection(ProjectConfigurationPlatforms) = postSolution
		{AED08480-67F0-44F2-A0F0-620ED363CFB7}.Debug|Any CPU.ActiveCfg = Debug|iPhoneSimulator
		{AED08480-67F0-44F2-A0F0-620ED363CFB7}.Debug|ARM.ActiveCfg = Debug|iPhone
		{AED08480-67F0-44F2-A0F0-620ED363CFB7}.Debug|iPhone.ActiveCfg = Debug|iPhone
		{AED08480-67F0-44F2-A0F0-620ED363CFB7}.Debug|iPhone.Build.0 = Debug|iPhone
		{AED08480-67F0-44F2-A0F0-620ED363CFB7}.Debug|iPhoneSimulator.ActiveCfg = Debug|iPhoneSimulator
		{AED08480-67F0-44F2-A0F0-620ED363CFB7}.Debug|iPhoneSimulator.Build.0 = Debug|iPhoneSimulator
		{AED08480-67F0-44F2-A0F0-620ED363CFB7}.Debug|x64.ActiveCfg = Debug|iPhone
		{AED08480-67F0-44F2-A0F0-620ED363CFB7}.Debug|x86.ActiveCfg = Debug|iPhoneSimulator
		{AED08480-67F0-44F2-A0F0-620ED363CFB7}.Debug|x86.Build.0 = Debug|iPhoneSimulator
		{AED08480-67F0-44F2-A0F0-620ED363CFB7}.Release|Any CPU.ActiveCfg = Release|iPhoneSimulator
		{AED08480-67F0-44F2-A0F0-620ED363CFB7}.Release|ARM.ActiveCfg = Release|iPhone
		{AED08480-67F0-44F2-A0F0-620ED363CFB7}.Release|iPhone.ActiveCfg = Release|iPhone
		{AED08480-67F0-44F2-A0F0-620ED363CFB7}.Release|iPhone.Build.0 = Release|iPhone
		{AED08480-67F0-44F2-A0F0-620ED363CFB7}.Release|iPhoneSimulator.ActiveCfg = Release|iPhoneSimulator
		{AED08480-67F0-44F2-A0F0-620ED363CFB7}.Release|iPhoneSimulator.Build.0 = Release|iPhoneSimulator
		{AED08480-67F0-44F2-A0F0-620ED363CFB7}.Release|x64.ActiveCfg = Release|iPhone
		{AED08480-67F0-44F2-A0F0-620ED363CFB7}.Release|x86.ActiveCfg = Release|iPhone
		{AED08480-67F0-44F2-A0F0-620ED363CFB7}.Release|x86.Build.0 = Release|iPhone
		{E9608B7F-F331-4C42-8205-23D02A46296C}.Debug|Any CPU.ActiveCfg = Debug|Any CPU
		{E9608B7F-F331-4C42-8205-23D02A46296C}.Debug|Any CPU.Build.0 = Debug|Any CPU
		{E9608B7F-F331-4C42-8205-23D02A46296C}.Debug|Any CPU.Deploy.0 = Debug|Any CPU
		{E9608B7F-F331-4C42-8205-23D02A46296C}.Debug|ARM.ActiveCfg = Debug|Any CPU
		{E9608B7F-F331-4C42-8205-23D02A46296C}.Debug|ARM.Build.0 = Debug|Any CPU
		{E9608B7F-F331-4C42-8205-23D02A46296C}.Debug|ARM.Deploy.0 = Debug|Any CPU
		{E9608B7F-F331-4C42-8205-23D02A46296C}.Debug|iPhone.ActiveCfg = Debug|Any CPU
		{E9608B7F-F331-4C42-8205-23D02A46296C}.Debug|iPhone.Build.0 = Debug|Any CPU
		{E9608B7F-F331-4C42-8205-23D02A46296C}.Debug|iPhoneSimulator.ActiveCfg = Debug|Any CPU
		{E9608B7F-F331-4C42-8205-23D02A46296C}.Debug|iPhoneSimulator.Build.0 = Debug|Any CPU
		{E9608B7F-F331-4C42-8205-23D02A46296C}.Debug|x64.ActiveCfg = Debug|Any CPU
		{E9608B7F-F331-4C42-8205-23D02A46296C}.Debug|x64.Build.0 = Debug|Any CPU
		{E9608B7F-F331-4C42-8205-23D02A46296C}.Debug|x64.Deploy.0 = Debug|Any CPU
		{E9608B7F-F331-4C42-8205-23D02A46296C}.Debug|x86.ActiveCfg = Debug|Any CPU
		{E9608B7F-F331-4C42-8205-23D02A46296C}.Debug|x86.Build.0 = Debug|Any CPU
		{E9608B7F-F331-4C42-8205-23D02A46296C}.Debug|x86.Deploy.0 = Debug|Any CPU
		{E9608B7F-F331-4C42-8205-23D02A46296C}.Release|Any CPU.ActiveCfg = Release|Any CPU
		{E9608B7F-F331-4C42-8205-23D02A46296C}.Release|Any CPU.Build.0 = Release|Any CPU
		{E9608B7F-F331-4C42-8205-23D02A46296C}.Release|Any CPU.Deploy.0 = Release|Any CPU
		{E9608B7F-F331-4C42-8205-23D02A46296C}.Release|ARM.ActiveCfg = Release|Any CPU
		{E9608B7F-F331-4C42-8205-23D02A46296C}.Release|ARM.Build.0 = Release|Any CPU
		{E9608B7F-F331-4C42-8205-23D02A46296C}.Release|ARM.Deploy.0 = Release|Any CPU
		{E9608B7F-F331-4C42-8205-23D02A46296C}.Release|iPhone.ActiveCfg = Release|Any CPU
		{E9608B7F-F331-4C42-8205-23D02A46296C}.Release|iPhone.Build.0 = Release|Any CPU
		{E9608B7F-F331-4C42-8205-23D02A46296C}.Release|iPhoneSimulator.ActiveCfg = Release|Any CPU
		{E9608B7F-F331-4C42-8205-23D02A46296C}.Release|iPhoneSimulator.Build.0 = Release|Any CPU
		{E9608B7F-F331-4C42-8205-23D02A46296C}.Release|x64.ActiveCfg = Release|Any CPU
		{E9608B7F-F331-4C42-8205-23D02A46296C}.Release|x64.Build.0 = Release|Any CPU
		{E9608B7F-F331-4C42-8205-23D02A46296C}.Release|x64.Deploy.0 = Release|Any CPU
		{E9608B7F-F331-4C42-8205-23D02A46296C}.Release|x86.ActiveCfg = Release|Any CPU
		{E9608B7F-F331-4C42-8205-23D02A46296C}.Release|x86.Build.0 = Release|Any CPU
		{93A16B29-C56B-4FAD-93BF-0C57429656F4}.Debug|Any CPU.ActiveCfg = Debug|Any CPU
		{93A16B29-C56B-4FAD-93BF-0C57429656F4}.Debug|Any CPU.Build.0 = Debug|Any CPU
		{93A16B29-C56B-4FAD-93BF-0C57429656F4}.Debug|ARM.ActiveCfg = Debug|Any CPU
		{93A16B29-C56B-4FAD-93BF-0C57429656F4}.Debug|ARM.Build.0 = Debug|Any CPU
		{93A16B29-C56B-4FAD-93BF-0C57429656F4}.Debug|iPhone.ActiveCfg = Debug|Any CPU
		{93A16B29-C56B-4FAD-93BF-0C57429656F4}.Debug|iPhone.Build.0 = Debug|Any CPU
		{93A16B29-C56B-4FAD-93BF-0C57429656F4}.Debug|iPhoneSimulator.ActiveCfg = Debug|Any CPU
		{93A16B29-C56B-4FAD-93BF-0C57429656F4}.Debug|iPhoneSimulator.Build.0 = Debug|Any CPU
		{93A16B29-C56B-4FAD-93BF-0C57429656F4}.Debug|x64.ActiveCfg = Debug|Any CPU
		{93A16B29-C56B-4FAD-93BF-0C57429656F4}.Debug|x64.Build.0 = Debug|Any CPU
		{93A16B29-C56B-4FAD-93BF-0C57429656F4}.Debug|x86.ActiveCfg = Debug|Any CPU
		{93A16B29-C56B-4FAD-93BF-0C57429656F4}.Debug|x86.Build.0 = Debug|Any CPU
		{93A16B29-C56B-4FAD-93BF-0C57429656F4}.Release|Any CPU.ActiveCfg = Release|Any CPU
		{93A16B29-C56B-4FAD-93BF-0C57429656F4}.Release|Any CPU.Build.0 = Release|Any CPU
		{93A16B29-C56B-4FAD-93BF-0C57429656F4}.Release|ARM.ActiveCfg = Release|Any CPU
		{93A16B29-C56B-4FAD-93BF-0C57429656F4}.Release|ARM.Build.0 = Release|Any CPU
		{93A16B29-C56B-4FAD-93BF-0C57429656F4}.Release|iPhone.ActiveCfg = Release|Any CPU
		{93A16B29-C56B-4FAD-93BF-0C57429656F4}.Release|iPhone.Build.0 = Release|Any CPU
		{93A16B29-C56B-4FAD-93BF-0C57429656F4}.Release|iPhoneSimulator.ActiveCfg = Release|Any CPU
		{93A16B29-C56B-4FAD-93BF-0C57429656F4}.Release|iPhoneSimulator.Build.0 = Release|Any CPU
		{93A16B29-C56B-4FAD-93BF-0C57429656F4}.Release|x64.ActiveCfg = Release|Any CPU
		{93A16B29-C56B-4FAD-93BF-0C57429656F4}.Release|x64.Build.0 = Release|Any CPU
		{93A16B29-C56B-4FAD-93BF-0C57429656F4}.Release|x86.ActiveCfg = Release|Any CPU
		{93A16B29-C56B-4FAD-93BF-0C57429656F4}.Release|x86.Build.0 = Release|Any CPU
		{CCA4057C-C968-430B-AFD0-9CDA2B93C23D}.Debug|Any CPU.ActiveCfg = Debug|Any CPU
		{CCA4057C-C968-430B-AFD0-9CDA2B93C23D}.Debug|Any CPU.Build.0 = Debug|Any CPU
		{CCA4057C-C968-430B-AFD0-9CDA2B93C23D}.Debug|ARM.ActiveCfg = Debug|Any CPU
		{CCA4057C-C968-430B-AFD0-9CDA2B93C23D}.Debug|ARM.Build.0 = Debug|Any CPU
		{CCA4057C-C968-430B-AFD0-9CDA2B93C23D}.Debug|iPhone.ActiveCfg = Debug|Any CPU
		{CCA4057C-C968-430B-AFD0-9CDA2B93C23D}.Debug|iPhone.Build.0 = Debug|Any CPU
		{CCA4057C-C968-430B-AFD0-9CDA2B93C23D}.Debug|iPhoneSimulator.ActiveCfg = Debug|Any CPU
		{CCA4057C-C968-430B-AFD0-9CDA2B93C23D}.Debug|iPhoneSimulator.Build.0 = Debug|Any CPU
		{CCA4057C-C968-430B-AFD0-9CDA2B93C23D}.Debug|x64.ActiveCfg = Debug|Any CPU
		{CCA4057C-C968-430B-AFD0-9CDA2B93C23D}.Debug|x64.Build.0 = Debug|Any CPU
		{CCA4057C-C968-430B-AFD0-9CDA2B93C23D}.Debug|x86.ActiveCfg = Debug|Any CPU
		{CCA4057C-C968-430B-AFD0-9CDA2B93C23D}.Debug|x86.Build.0 = Debug|Any CPU
		{CCA4057C-C968-430B-AFD0-9CDA2B93C23D}.Release|Any CPU.ActiveCfg = Release|Any CPU
		{CCA4057C-C968-430B-AFD0-9CDA2B93C23D}.Release|Any CPU.Build.0 = Release|Any CPU
		{CCA4057C-C968-430B-AFD0-9CDA2B93C23D}.Release|ARM.ActiveCfg = Release|Any CPU
		{CCA4057C-C968-430B-AFD0-9CDA2B93C23D}.Release|ARM.Build.0 = Release|Any CPU
		{CCA4057C-C968-430B-AFD0-9CDA2B93C23D}.Release|iPhone.ActiveCfg = Release|Any CPU
		{CCA4057C-C968-430B-AFD0-9CDA2B93C23D}.Release|iPhone.Build.0 = Release|Any CPU
		{CCA4057C-C968-430B-AFD0-9CDA2B93C23D}.Release|iPhoneSimulator.ActiveCfg = Release|Any CPU
		{CCA4057C-C968-430B-AFD0-9CDA2B93C23D}.Release|iPhoneSimulator.Build.0 = Release|Any CPU
		{CCA4057C-C968-430B-AFD0-9CDA2B93C23D}.Release|x64.ActiveCfg = Release|Any CPU
		{CCA4057C-C968-430B-AFD0-9CDA2B93C23D}.Release|x64.Build.0 = Release|Any CPU
		{CCA4057C-C968-430B-AFD0-9CDA2B93C23D}.Release|x86.ActiveCfg = Release|Any CPU
		{CCA4057C-C968-430B-AFD0-9CDA2B93C23D}.Release|x86.Build.0 = Release|Any CPU
		{305E0D3B-D543-486C-B1BC-B41214293FC5}.Debug|Any CPU.ActiveCfg = Debug|Any CPU
		{305E0D3B-D543-486C-B1BC-B41214293FC5}.Debug|Any CPU.Build.0 = Debug|Any CPU
		{305E0D3B-D543-486C-B1BC-B41214293FC5}.Debug|ARM.ActiveCfg = Debug|Any CPU
		{305E0D3B-D543-486C-B1BC-B41214293FC5}.Debug|ARM.Build.0 = Debug|Any CPU
		{305E0D3B-D543-486C-B1BC-B41214293FC5}.Debug|iPhone.ActiveCfg = Debug|Any CPU
		{305E0D3B-D543-486C-B1BC-B41214293FC5}.Debug|iPhone.Build.0 = Debug|Any CPU
		{305E0D3B-D543-486C-B1BC-B41214293FC5}.Debug|iPhoneSimulator.ActiveCfg = Debug|Any CPU
		{305E0D3B-D543-486C-B1BC-B41214293FC5}.Debug|iPhoneSimulator.Build.0 = Debug|Any CPU
		{305E0D3B-D543-486C-B1BC-B41214293FC5}.Debug|x64.ActiveCfg = Debug|Any CPU
		{305E0D3B-D543-486C-B1BC-B41214293FC5}.Debug|x64.Build.0 = Debug|Any CPU
		{305E0D3B-D543-486C-B1BC-B41214293FC5}.Debug|x86.ActiveCfg = Debug|Any CPU
		{305E0D3B-D543-486C-B1BC-B41214293FC5}.Debug|x86.Build.0 = Debug|Any CPU
		{305E0D3B-D543-486C-B1BC-B41214293FC5}.Release|Any CPU.ActiveCfg = Release|Any CPU
		{305E0D3B-D543-486C-B1BC-B41214293FC5}.Release|Any CPU.Build.0 = Release|Any CPU
		{305E0D3B-D543-486C-B1BC-B41214293FC5}.Release|ARM.ActiveCfg = Release|Any CPU
		{305E0D3B-D543-486C-B1BC-B41214293FC5}.Release|ARM.Build.0 = Release|Any CPU
		{305E0D3B-D543-486C-B1BC-B41214293FC5}.Release|iPhone.ActiveCfg = Release|Any CPU
		{305E0D3B-D543-486C-B1BC-B41214293FC5}.Release|iPhone.Build.0 = Release|Any CPU
		{305E0D3B-D543-486C-B1BC-B41214293FC5}.Release|iPhoneSimulator.ActiveCfg = Release|Any CPU
		{305E0D3B-D543-486C-B1BC-B41214293FC5}.Release|iPhoneSimulator.Build.0 = Release|Any CPU
		{305E0D3B-D543-486C-B1BC-B41214293FC5}.Release|x64.ActiveCfg = Release|Any CPU
		{305E0D3B-D543-486C-B1BC-B41214293FC5}.Release|x64.Build.0 = Release|Any CPU
		{305E0D3B-D543-486C-B1BC-B41214293FC5}.Release|x86.ActiveCfg = Release|Any CPU
		{305E0D3B-D543-486C-B1BC-B41214293FC5}.Release|x86.Build.0 = Release|Any CPU
		{1A34E412-6C6B-47C3-A361-8D1E4E368BBB}.Debug|Any CPU.ActiveCfg = Debug|Any CPU
		{1A34E412-6C6B-47C3-A361-8D1E4E368BBB}.Debug|Any CPU.Build.0 = Debug|Any CPU
		{1A34E412-6C6B-47C3-A361-8D1E4E368BBB}.Debug|ARM.ActiveCfg = Debug|Any CPU
		{1A34E412-6C6B-47C3-A361-8D1E4E368BBB}.Debug|ARM.Build.0 = Debug|Any CPU
		{1A34E412-6C6B-47C3-A361-8D1E4E368BBB}.Debug|iPhone.ActiveCfg = Debug|Any CPU
		{1A34E412-6C6B-47C3-A361-8D1E4E368BBB}.Debug|iPhone.Build.0 = Debug|Any CPU
		{1A34E412-6C6B-47C3-A361-8D1E4E368BBB}.Debug|iPhoneSimulator.ActiveCfg = Debug|Any CPU
		{1A34E412-6C6B-47C3-A361-8D1E4E368BBB}.Debug|iPhoneSimulator.Build.0 = Debug|Any CPU
		{1A34E412-6C6B-47C3-A361-8D1E4E368BBB}.Debug|x64.ActiveCfg = Debug|Any CPU
		{1A34E412-6C6B-47C3-A361-8D1E4E368BBB}.Debug|x64.Build.0 = Debug|Any CPU
		{1A34E412-6C6B-47C3-A361-8D1E4E368BBB}.Debug|x86.ActiveCfg = Debug|Any CPU
		{1A34E412-6C6B-47C3-A361-8D1E4E368BBB}.Debug|x86.Build.0 = Debug|Any CPU
		{1A34E412-6C6B-47C3-A361-8D1E4E368BBB}.Release|Any CPU.ActiveCfg = Release|Any CPU
		{1A34E412-6C6B-47C3-A361-8D1E4E368BBB}.Release|Any CPU.Build.0 = Release|Any CPU
		{1A34E412-6C6B-47C3-A361-8D1E4E368BBB}.Release|ARM.ActiveCfg = Release|Any CPU
		{1A34E412-6C6B-47C3-A361-8D1E4E368BBB}.Release|ARM.Build.0 = Release|Any CPU
		{1A34E412-6C6B-47C3-A361-8D1E4E368BBB}.Release|iPhone.ActiveCfg = Release|Any CPU
		{1A34E412-6C6B-47C3-A361-8D1E4E368BBB}.Release|iPhone.Build.0 = Release|Any CPU
		{1A34E412-6C6B-47C3-A361-8D1E4E368BBB}.Release|iPhoneSimulator.ActiveCfg = Release|Any CPU
		{1A34E412-6C6B-47C3-A361-8D1E4E368BBB}.Release|iPhoneSimulator.Build.0 = Release|Any CPU
		{1A34E412-6C6B-47C3-A361-8D1E4E368BBB}.Release|x64.ActiveCfg = Release|Any CPU
		{1A34E412-6C6B-47C3-A361-8D1E4E368BBB}.Release|x64.Build.0 = Release|Any CPU
		{1A34E412-6C6B-47C3-A361-8D1E4E368BBB}.Release|x86.ActiveCfg = Release|Any CPU
		{1A34E412-6C6B-47C3-A361-8D1E4E368BBB}.Release|x86.Build.0 = Release|Any CPU
		{390A59C1-2823-4740-8CAF-DD35D0F6CBE8}.Debug|Any CPU.ActiveCfg = Debug|Any CPU
		{390A59C1-2823-4740-8CAF-DD35D0F6CBE8}.Debug|Any CPU.Build.0 = Debug|Any CPU
		{390A59C1-2823-4740-8CAF-DD35D0F6CBE8}.Debug|ARM.ActiveCfg = Debug|Any CPU
		{390A59C1-2823-4740-8CAF-DD35D0F6CBE8}.Debug|ARM.Build.0 = Debug|Any CPU
		{390A59C1-2823-4740-8CAF-DD35D0F6CBE8}.Debug|iPhone.ActiveCfg = Debug|Any CPU
		{390A59C1-2823-4740-8CAF-DD35D0F6CBE8}.Debug|iPhone.Build.0 = Debug|Any CPU
		{390A59C1-2823-4740-8CAF-DD35D0F6CBE8}.Debug|iPhoneSimulator.ActiveCfg = Debug|Any CPU
		{390A59C1-2823-4740-8CAF-DD35D0F6CBE8}.Debug|iPhoneSimulator.Build.0 = Debug|Any CPU
		{390A59C1-2823-4740-8CAF-DD35D0F6CBE8}.Debug|x64.ActiveCfg = Debug|Any CPU
		{390A59C1-2823-4740-8CAF-DD35D0F6CBE8}.Debug|x64.Build.0 = Debug|Any CPU
		{390A59C1-2823-4740-8CAF-DD35D0F6CBE8}.Debug|x86.ActiveCfg = Debug|Any CPU
		{390A59C1-2823-4740-8CAF-DD35D0F6CBE8}.Debug|x86.Build.0 = Debug|Any CPU
		{390A59C1-2823-4740-8CAF-DD35D0F6CBE8}.Release|Any CPU.ActiveCfg = Release|Any CPU
		{390A59C1-2823-4740-8CAF-DD35D0F6CBE8}.Release|Any CPU.Build.0 = Release|Any CPU
		{390A59C1-2823-4740-8CAF-DD35D0F6CBE8}.Release|ARM.ActiveCfg = Release|Any CPU
		{390A59C1-2823-4740-8CAF-DD35D0F6CBE8}.Release|ARM.Build.0 = Release|Any CPU
		{390A59C1-2823-4740-8CAF-DD35D0F6CBE8}.Release|iPhone.ActiveCfg = Release|Any CPU
		{390A59C1-2823-4740-8CAF-DD35D0F6CBE8}.Release|iPhone.Build.0 = Release|Any CPU
		{390A59C1-2823-4740-8CAF-DD35D0F6CBE8}.Release|iPhoneSimulator.ActiveCfg = Release|Any CPU
		{390A59C1-2823-4740-8CAF-DD35D0F6CBE8}.Release|iPhoneSimulator.Build.0 = Release|Any CPU
		{390A59C1-2823-4740-8CAF-DD35D0F6CBE8}.Release|x64.ActiveCfg = Release|Any CPU
		{390A59C1-2823-4740-8CAF-DD35D0F6CBE8}.Release|x64.Build.0 = Release|Any CPU
		{390A59C1-2823-4740-8CAF-DD35D0F6CBE8}.Release|x86.ActiveCfg = Release|Any CPU
		{390A59C1-2823-4740-8CAF-DD35D0F6CBE8}.Release|x86.Build.0 = Release|Any CPU
		{C5701394-0E45-4904-86CD-2E82B83DCB6A}.Debug|Any CPU.ActiveCfg = Debug|Any CPU
		{C5701394-0E45-4904-86CD-2E82B83DCB6A}.Debug|Any CPU.Build.0 = Debug|Any CPU
		{C5701394-0E45-4904-86CD-2E82B83DCB6A}.Debug|ARM.ActiveCfg = Debug|Any CPU
		{C5701394-0E45-4904-86CD-2E82B83DCB6A}.Debug|ARM.Build.0 = Debug|Any CPU
		{C5701394-0E45-4904-86CD-2E82B83DCB6A}.Debug|iPhone.ActiveCfg = Debug|Any CPU
		{C5701394-0E45-4904-86CD-2E82B83DCB6A}.Debug|iPhone.Build.0 = Debug|Any CPU
		{C5701394-0E45-4904-86CD-2E82B83DCB6A}.Debug|iPhoneSimulator.ActiveCfg = Debug|Any CPU
		{C5701394-0E45-4904-86CD-2E82B83DCB6A}.Debug|iPhoneSimulator.Build.0 = Debug|Any CPU
		{C5701394-0E45-4904-86CD-2E82B83DCB6A}.Debug|x64.ActiveCfg = Debug|Any CPU
		{C5701394-0E45-4904-86CD-2E82B83DCB6A}.Debug|x64.Build.0 = Debug|Any CPU
		{C5701394-0E45-4904-86CD-2E82B83DCB6A}.Debug|x86.ActiveCfg = Debug|Any CPU
		{C5701394-0E45-4904-86CD-2E82B83DCB6A}.Debug|x86.Build.0 = Debug|Any CPU
		{C5701394-0E45-4904-86CD-2E82B83DCB6A}.Release|Any CPU.ActiveCfg = Release|Any CPU
		{C5701394-0E45-4904-86CD-2E82B83DCB6A}.Release|Any CPU.Build.0 = Release|Any CPU
		{C5701394-0E45-4904-86CD-2E82B83DCB6A}.Release|ARM.ActiveCfg = Release|Any CPU
		{C5701394-0E45-4904-86CD-2E82B83DCB6A}.Release|ARM.Build.0 = Release|Any CPU
		{C5701394-0E45-4904-86CD-2E82B83DCB6A}.Release|iPhone.ActiveCfg = Release|Any CPU
		{C5701394-0E45-4904-86CD-2E82B83DCB6A}.Release|iPhone.Build.0 = Release|Any CPU
		{C5701394-0E45-4904-86CD-2E82B83DCB6A}.Release|iPhoneSimulator.ActiveCfg = Release|Any CPU
		{C5701394-0E45-4904-86CD-2E82B83DCB6A}.Release|iPhoneSimulator.Build.0 = Release|Any CPU
		{C5701394-0E45-4904-86CD-2E82B83DCB6A}.Release|x64.ActiveCfg = Release|Any CPU
		{C5701394-0E45-4904-86CD-2E82B83DCB6A}.Release|x64.Build.0 = Release|Any CPU
		{C5701394-0E45-4904-86CD-2E82B83DCB6A}.Release|x86.ActiveCfg = Release|Any CPU
		{C5701394-0E45-4904-86CD-2E82B83DCB6A}.Release|x86.Build.0 = Release|Any CPU
		{CF7FC9CD-7B6B-4774-96D1-923D4DD0A16F}.Debug|Any CPU.ActiveCfg = Debug|Any CPU
		{CF7FC9CD-7B6B-4774-96D1-923D4DD0A16F}.Debug|Any CPU.Build.0 = Debug|Any CPU
		{CF7FC9CD-7B6B-4774-96D1-923D4DD0A16F}.Debug|ARM.ActiveCfg = Debug|Any CPU
		{CF7FC9CD-7B6B-4774-96D1-923D4DD0A16F}.Debug|ARM.Build.0 = Debug|Any CPU
		{CF7FC9CD-7B6B-4774-96D1-923D4DD0A16F}.Debug|iPhone.ActiveCfg = Debug|Any CPU
		{CF7FC9CD-7B6B-4774-96D1-923D4DD0A16F}.Debug|iPhone.Build.0 = Debug|Any CPU
		{CF7FC9CD-7B6B-4774-96D1-923D4DD0A16F}.Debug|iPhoneSimulator.ActiveCfg = Debug|Any CPU
		{CF7FC9CD-7B6B-4774-96D1-923D4DD0A16F}.Debug|iPhoneSimulator.Build.0 = Debug|Any CPU
		{CF7FC9CD-7B6B-4774-96D1-923D4DD0A16F}.Debug|x64.ActiveCfg = Debug|Any CPU
		{CF7FC9CD-7B6B-4774-96D1-923D4DD0A16F}.Debug|x64.Build.0 = Debug|Any CPU
		{CF7FC9CD-7B6B-4774-96D1-923D4DD0A16F}.Debug|x86.ActiveCfg = Debug|Any CPU
		{CF7FC9CD-7B6B-4774-96D1-923D4DD0A16F}.Debug|x86.Build.0 = Debug|Any CPU
		{CF7FC9CD-7B6B-4774-96D1-923D4DD0A16F}.Release|Any CPU.ActiveCfg = Release|Any CPU
		{CF7FC9CD-7B6B-4774-96D1-923D4DD0A16F}.Release|Any CPU.Build.0 = Release|Any CPU
		{CF7FC9CD-7B6B-4774-96D1-923D4DD0A16F}.Release|ARM.ActiveCfg = Release|Any CPU
		{CF7FC9CD-7B6B-4774-96D1-923D4DD0A16F}.Release|ARM.Build.0 = Release|Any CPU
		{CF7FC9CD-7B6B-4774-96D1-923D4DD0A16F}.Release|iPhone.ActiveCfg = Release|Any CPU
		{CF7FC9CD-7B6B-4774-96D1-923D4DD0A16F}.Release|iPhone.Build.0 = Release|Any CPU
		{CF7FC9CD-7B6B-4774-96D1-923D4DD0A16F}.Release|iPhoneSimulator.ActiveCfg = Release|Any CPU
		{CF7FC9CD-7B6B-4774-96D1-923D4DD0A16F}.Release|iPhoneSimulator.Build.0 = Release|Any CPU
		{CF7FC9CD-7B6B-4774-96D1-923D4DD0A16F}.Release|x64.ActiveCfg = Release|Any CPU
		{CF7FC9CD-7B6B-4774-96D1-923D4DD0A16F}.Release|x64.Build.0 = Release|Any CPU
		{CF7FC9CD-7B6B-4774-96D1-923D4DD0A16F}.Release|x86.ActiveCfg = Release|Any CPU
		{CF7FC9CD-7B6B-4774-96D1-923D4DD0A16F}.Release|x86.Build.0 = Release|Any CPU
		{843B5445-EE3C-4310-BC67-BFD70200C4DD}.Debug|Any CPU.ActiveCfg = Debug|Any CPU
		{843B5445-EE3C-4310-BC67-BFD70200C4DD}.Debug|Any CPU.Build.0 = Debug|Any CPU
		{843B5445-EE3C-4310-BC67-BFD70200C4DD}.Debug|ARM.ActiveCfg = Debug|Any CPU
		{843B5445-EE3C-4310-BC67-BFD70200C4DD}.Debug|ARM.Build.0 = Debug|Any CPU
		{843B5445-EE3C-4310-BC67-BFD70200C4DD}.Debug|iPhone.ActiveCfg = Debug|Any CPU
		{843B5445-EE3C-4310-BC67-BFD70200C4DD}.Debug|iPhone.Build.0 = Debug|Any CPU
		{843B5445-EE3C-4310-BC67-BFD70200C4DD}.Debug|iPhoneSimulator.ActiveCfg = Debug|Any CPU
		{843B5445-EE3C-4310-BC67-BFD70200C4DD}.Debug|iPhoneSimulator.Build.0 = Debug|Any CPU
		{843B5445-EE3C-4310-BC67-BFD70200C4DD}.Debug|x64.ActiveCfg = Debug|Any CPU
		{843B5445-EE3C-4310-BC67-BFD70200C4DD}.Debug|x64.Build.0 = Debug|Any CPU
		{843B5445-EE3C-4310-BC67-BFD70200C4DD}.Debug|x86.ActiveCfg = Debug|Any CPU
		{843B5445-EE3C-4310-BC67-BFD70200C4DD}.Debug|x86.Build.0 = Debug|Any CPU
		{843B5445-EE3C-4310-BC67-BFD70200C4DD}.Release|Any CPU.ActiveCfg = Release|Any CPU
		{843B5445-EE3C-4310-BC67-BFD70200C4DD}.Release|Any CPU.Build.0 = Release|Any CPU
		{843B5445-EE3C-4310-BC67-BFD70200C4DD}.Release|ARM.ActiveCfg = Release|Any CPU
		{843B5445-EE3C-4310-BC67-BFD70200C4DD}.Release|ARM.Build.0 = Release|Any CPU
		{843B5445-EE3C-4310-BC67-BFD70200C4DD}.Release|iPhone.ActiveCfg = Release|Any CPU
		{843B5445-EE3C-4310-BC67-BFD70200C4DD}.Release|iPhone.Build.0 = Release|Any CPU
		{843B5445-EE3C-4310-BC67-BFD70200C4DD}.Release|iPhoneSimulator.ActiveCfg = Release|Any CPU
		{843B5445-EE3C-4310-BC67-BFD70200C4DD}.Release|iPhoneSimulator.Build.0 = Release|Any CPU
		{843B5445-EE3C-4310-BC67-BFD70200C4DD}.Release|x64.ActiveCfg = Release|Any CPU
		{843B5445-EE3C-4310-BC67-BFD70200C4DD}.Release|x64.Build.0 = Release|Any CPU
		{843B5445-EE3C-4310-BC67-BFD70200C4DD}.Release|x86.ActiveCfg = Release|Any CPU
		{843B5445-EE3C-4310-BC67-BFD70200C4DD}.Release|x86.Build.0 = Release|Any CPU
		{FBE04A68-2E55-4A50-A88A-EDED4AB336AD}.Debug|Any CPU.ActiveCfg = Debug|Any CPU
		{FBE04A68-2E55-4A50-A88A-EDED4AB336AD}.Debug|Any CPU.Build.0 = Debug|Any CPU
		{FBE04A68-2E55-4A50-A88A-EDED4AB336AD}.Debug|ARM.ActiveCfg = Debug|Any CPU
		{FBE04A68-2E55-4A50-A88A-EDED4AB336AD}.Debug|ARM.Build.0 = Debug|Any CPU
		{FBE04A68-2E55-4A50-A88A-EDED4AB336AD}.Debug|iPhone.ActiveCfg = Debug|Any CPU
		{FBE04A68-2E55-4A50-A88A-EDED4AB336AD}.Debug|iPhone.Build.0 = Debug|Any CPU
		{FBE04A68-2E55-4A50-A88A-EDED4AB336AD}.Debug|iPhoneSimulator.ActiveCfg = Debug|Any CPU
		{FBE04A68-2E55-4A50-A88A-EDED4AB336AD}.Debug|iPhoneSimulator.Build.0 = Debug|Any CPU
		{FBE04A68-2E55-4A50-A88A-EDED4AB336AD}.Debug|x64.ActiveCfg = Debug|Any CPU
		{FBE04A68-2E55-4A50-A88A-EDED4AB336AD}.Debug|x64.Build.0 = Debug|Any CPU
		{FBE04A68-2E55-4A50-A88A-EDED4AB336AD}.Debug|x86.ActiveCfg = Debug|Any CPU
		{FBE04A68-2E55-4A50-A88A-EDED4AB336AD}.Debug|x86.Build.0 = Debug|Any CPU
		{FBE04A68-2E55-4A50-A88A-EDED4AB336AD}.Release|Any CPU.ActiveCfg = Release|Any CPU
		{FBE04A68-2E55-4A50-A88A-EDED4AB336AD}.Release|Any CPU.Build.0 = Release|Any CPU
		{FBE04A68-2E55-4A50-A88A-EDED4AB336AD}.Release|ARM.ActiveCfg = Release|Any CPU
		{FBE04A68-2E55-4A50-A88A-EDED4AB336AD}.Release|ARM.Build.0 = Release|Any CPU
		{FBE04A68-2E55-4A50-A88A-EDED4AB336AD}.Release|iPhone.ActiveCfg = Release|Any CPU
		{FBE04A68-2E55-4A50-A88A-EDED4AB336AD}.Release|iPhone.Build.0 = Release|Any CPU
		{FBE04A68-2E55-4A50-A88A-EDED4AB336AD}.Release|iPhoneSimulator.ActiveCfg = Release|Any CPU
		{FBE04A68-2E55-4A50-A88A-EDED4AB336AD}.Release|iPhoneSimulator.Build.0 = Release|Any CPU
		{FBE04A68-2E55-4A50-A88A-EDED4AB336AD}.Release|x64.ActiveCfg = Release|Any CPU
		{FBE04A68-2E55-4A50-A88A-EDED4AB336AD}.Release|x64.Build.0 = Release|Any CPU
		{FBE04A68-2E55-4A50-A88A-EDED4AB336AD}.Release|x86.ActiveCfg = Release|Any CPU
		{FBE04A68-2E55-4A50-A88A-EDED4AB336AD}.Release|x86.Build.0 = Release|Any CPU
		{D0FE69F1-A627-4566-A465-17E07E29A51F}.Debug|Any CPU.ActiveCfg = Debug|Any CPU
		{D0FE69F1-A627-4566-A465-17E07E29A51F}.Debug|Any CPU.Build.0 = Debug|Any CPU
		{D0FE69F1-A627-4566-A465-17E07E29A51F}.Debug|ARM.ActiveCfg = Debug|Any CPU
		{D0FE69F1-A627-4566-A465-17E07E29A51F}.Debug|ARM.Build.0 = Debug|Any CPU
		{D0FE69F1-A627-4566-A465-17E07E29A51F}.Debug|iPhone.ActiveCfg = Debug|Any CPU
		{D0FE69F1-A627-4566-A465-17E07E29A51F}.Debug|iPhone.Build.0 = Debug|Any CPU
		{D0FE69F1-A627-4566-A465-17E07E29A51F}.Debug|iPhoneSimulator.ActiveCfg = Debug|Any CPU
		{D0FE69F1-A627-4566-A465-17E07E29A51F}.Debug|iPhoneSimulator.Build.0 = Debug|Any CPU
		{D0FE69F1-A627-4566-A465-17E07E29A51F}.Debug|x64.ActiveCfg = Debug|Any CPU
		{D0FE69F1-A627-4566-A465-17E07E29A51F}.Debug|x64.Build.0 = Debug|Any CPU
		{D0FE69F1-A627-4566-A465-17E07E29A51F}.Debug|x86.ActiveCfg = Debug|Any CPU
		{D0FE69F1-A627-4566-A465-17E07E29A51F}.Debug|x86.Build.0 = Debug|Any CPU
		{D0FE69F1-A627-4566-A465-17E07E29A51F}.Release|Any CPU.ActiveCfg = Release|Any CPU
		{D0FE69F1-A627-4566-A465-17E07E29A51F}.Release|Any CPU.Build.0 = Release|Any CPU
		{D0FE69F1-A627-4566-A465-17E07E29A51F}.Release|ARM.ActiveCfg = Release|Any CPU
		{D0FE69F1-A627-4566-A465-17E07E29A51F}.Release|ARM.Build.0 = Release|Any CPU
		{D0FE69F1-A627-4566-A465-17E07E29A51F}.Release|iPhone.ActiveCfg = Release|Any CPU
		{D0FE69F1-A627-4566-A465-17E07E29A51F}.Release|iPhone.Build.0 = Release|Any CPU
		{D0FE69F1-A627-4566-A465-17E07E29A51F}.Release|iPhoneSimulator.ActiveCfg = Release|Any CPU
		{D0FE69F1-A627-4566-A465-17E07E29A51F}.Release|iPhoneSimulator.Build.0 = Release|Any CPU
		{D0FE69F1-A627-4566-A465-17E07E29A51F}.Release|x64.ActiveCfg = Release|Any CPU
		{D0FE69F1-A627-4566-A465-17E07E29A51F}.Release|x64.Build.0 = Release|Any CPU
		{D0FE69F1-A627-4566-A465-17E07E29A51F}.Release|x86.ActiveCfg = Release|Any CPU
		{D0FE69F1-A627-4566-A465-17E07E29A51F}.Release|x86.Build.0 = Release|Any CPU
		{29459490-2B0F-4BC8-A6A8-5D7E4DD54EA5}.Debug|Any CPU.ActiveCfg = Debug|Any CPU
		{29459490-2B0F-4BC8-A6A8-5D7E4DD54EA5}.Debug|Any CPU.Build.0 = Debug|Any CPU
		{29459490-2B0F-4BC8-A6A8-5D7E4DD54EA5}.Debug|ARM.ActiveCfg = Debug|Any CPU
		{29459490-2B0F-4BC8-A6A8-5D7E4DD54EA5}.Debug|ARM.Build.0 = Debug|Any CPU
		{29459490-2B0F-4BC8-A6A8-5D7E4DD54EA5}.Debug|iPhone.ActiveCfg = Debug|Any CPU
		{29459490-2B0F-4BC8-A6A8-5D7E4DD54EA5}.Debug|iPhone.Build.0 = Debug|Any CPU
		{29459490-2B0F-4BC8-A6A8-5D7E4DD54EA5}.Debug|iPhoneSimulator.ActiveCfg = Debug|Any CPU
		{29459490-2B0F-4BC8-A6A8-5D7E4DD54EA5}.Debug|iPhoneSimulator.Build.0 = Debug|Any CPU
		{29459490-2B0F-4BC8-A6A8-5D7E4DD54EA5}.Debug|x64.ActiveCfg = Debug|Any CPU
		{29459490-2B0F-4BC8-A6A8-5D7E4DD54EA5}.Debug|x64.Build.0 = Debug|Any CPU
		{29459490-2B0F-4BC8-A6A8-5D7E4DD54EA5}.Debug|x86.ActiveCfg = Debug|Any CPU
		{29459490-2B0F-4BC8-A6A8-5D7E4DD54EA5}.Debug|x86.Build.0 = Debug|Any CPU
		{29459490-2B0F-4BC8-A6A8-5D7E4DD54EA5}.Release|Any CPU.ActiveCfg = Release|Any CPU
		{29459490-2B0F-4BC8-A6A8-5D7E4DD54EA5}.Release|Any CPU.Build.0 = Release|Any CPU
		{29459490-2B0F-4BC8-A6A8-5D7E4DD54EA5}.Release|ARM.ActiveCfg = Release|Any CPU
		{29459490-2B0F-4BC8-A6A8-5D7E4DD54EA5}.Release|ARM.Build.0 = Release|Any CPU
		{29459490-2B0F-4BC8-A6A8-5D7E4DD54EA5}.Release|iPhone.ActiveCfg = Release|Any CPU
		{29459490-2B0F-4BC8-A6A8-5D7E4DD54EA5}.Release|iPhone.Build.0 = Release|Any CPU
		{29459490-2B0F-4BC8-A6A8-5D7E4DD54EA5}.Release|iPhoneSimulator.ActiveCfg = Release|Any CPU
		{29459490-2B0F-4BC8-A6A8-5D7E4DD54EA5}.Release|iPhoneSimulator.Build.0 = Release|Any CPU
		{29459490-2B0F-4BC8-A6A8-5D7E4DD54EA5}.Release|x64.ActiveCfg = Release|Any CPU
		{29459490-2B0F-4BC8-A6A8-5D7E4DD54EA5}.Release|x64.Build.0 = Release|Any CPU
		{29459490-2B0F-4BC8-A6A8-5D7E4DD54EA5}.Release|x86.ActiveCfg = Release|Any CPU
		{29459490-2B0F-4BC8-A6A8-5D7E4DD54EA5}.Release|x86.Build.0 = Release|Any CPU
		{19BDC7F1-B8E3-4EF6-B9E0-073C4B005315}.Debug|Any CPU.ActiveCfg = Debug|Any CPU
		{19BDC7F1-B8E3-4EF6-B9E0-073C4B005315}.Debug|Any CPU.Build.0 = Debug|Any CPU
		{19BDC7F1-B8E3-4EF6-B9E0-073C4B005315}.Debug|ARM.ActiveCfg = Debug|Any CPU
		{19BDC7F1-B8E3-4EF6-B9E0-073C4B005315}.Debug|ARM.Build.0 = Debug|Any CPU
		{19BDC7F1-B8E3-4EF6-B9E0-073C4B005315}.Debug|iPhone.ActiveCfg = Debug|Any CPU
		{19BDC7F1-B8E3-4EF6-B9E0-073C4B005315}.Debug|iPhone.Build.0 = Debug|Any CPU
		{19BDC7F1-B8E3-4EF6-B9E0-073C4B005315}.Debug|iPhoneSimulator.ActiveCfg = Debug|Any CPU
		{19BDC7F1-B8E3-4EF6-B9E0-073C4B005315}.Debug|iPhoneSimulator.Build.0 = Debug|Any CPU
		{19BDC7F1-B8E3-4EF6-B9E0-073C4B005315}.Debug|x64.ActiveCfg = Debug|Any CPU
		{19BDC7F1-B8E3-4EF6-B9E0-073C4B005315}.Debug|x64.Build.0 = Debug|Any CPU
		{19BDC7F1-B8E3-4EF6-B9E0-073C4B005315}.Debug|x86.ActiveCfg = Debug|Any CPU
		{19BDC7F1-B8E3-4EF6-B9E0-073C4B005315}.Debug|x86.Build.0 = Debug|Any CPU
		{19BDC7F1-B8E3-4EF6-B9E0-073C4B005315}.Release|Any CPU.ActiveCfg = Release|Any CPU
		{19BDC7F1-B8E3-4EF6-B9E0-073C4B005315}.Release|Any CPU.Build.0 = Release|Any CPU
		{19BDC7F1-B8E3-4EF6-B9E0-073C4B005315}.Release|ARM.ActiveCfg = Release|Any CPU
		{19BDC7F1-B8E3-4EF6-B9E0-073C4B005315}.Release|ARM.Build.0 = Release|Any CPU
		{19BDC7F1-B8E3-4EF6-B9E0-073C4B005315}.Release|iPhone.ActiveCfg = Release|Any CPU
		{19BDC7F1-B8E3-4EF6-B9E0-073C4B005315}.Release|iPhone.Build.0 = Release|Any CPU
		{19BDC7F1-B8E3-4EF6-B9E0-073C4B005315}.Release|iPhoneSimulator.ActiveCfg = Release|Any CPU
		{19BDC7F1-B8E3-4EF6-B9E0-073C4B005315}.Release|iPhoneSimulator.Build.0 = Release|Any CPU
		{19BDC7F1-B8E3-4EF6-B9E0-073C4B005315}.Release|x64.ActiveCfg = Release|Any CPU
		{19BDC7F1-B8E3-4EF6-B9E0-073C4B005315}.Release|x64.Build.0 = Release|Any CPU
		{19BDC7F1-B8E3-4EF6-B9E0-073C4B005315}.Release|x86.ActiveCfg = Release|Any CPU
		{19BDC7F1-B8E3-4EF6-B9E0-073C4B005315}.Release|x86.Build.0 = Release|Any CPU
		{BE61BC12-A4F8-4799-B497-C4E82EAA2857}.Debug|Any CPU.ActiveCfg = Debug|Any CPU
		{BE61BC12-A4F8-4799-B497-C4E82EAA2857}.Debug|Any CPU.Build.0 = Debug|Any CPU
		{BE61BC12-A4F8-4799-B497-C4E82EAA2857}.Debug|ARM.ActiveCfg = Debug|Any CPU
		{BE61BC12-A4F8-4799-B497-C4E82EAA2857}.Debug|ARM.Build.0 = Debug|Any CPU
		{BE61BC12-A4F8-4799-B497-C4E82EAA2857}.Debug|iPhone.ActiveCfg = Debug|Any CPU
		{BE61BC12-A4F8-4799-B497-C4E82EAA2857}.Debug|iPhone.Build.0 = Debug|Any CPU
		{BE61BC12-A4F8-4799-B497-C4E82EAA2857}.Debug|iPhoneSimulator.ActiveCfg = Debug|Any CPU
		{BE61BC12-A4F8-4799-B497-C4E82EAA2857}.Debug|iPhoneSimulator.Build.0 = Debug|Any CPU
		{BE61BC12-A4F8-4799-B497-C4E82EAA2857}.Debug|x64.ActiveCfg = Debug|Any CPU
		{BE61BC12-A4F8-4799-B497-C4E82EAA2857}.Debug|x64.Build.0 = Debug|Any CPU
		{BE61BC12-A4F8-4799-B497-C4E82EAA2857}.Debug|x86.ActiveCfg = Debug|Any CPU
		{BE61BC12-A4F8-4799-B497-C4E82EAA2857}.Debug|x86.Build.0 = Debug|Any CPU
		{BE61BC12-A4F8-4799-B497-C4E82EAA2857}.Release|Any CPU.ActiveCfg = Release|Any CPU
		{BE61BC12-A4F8-4799-B497-C4E82EAA2857}.Release|Any CPU.Build.0 = Release|Any CPU
		{BE61BC12-A4F8-4799-B497-C4E82EAA2857}.Release|ARM.ActiveCfg = Release|Any CPU
		{BE61BC12-A4F8-4799-B497-C4E82EAA2857}.Release|ARM.Build.0 = Release|Any CPU
		{BE61BC12-A4F8-4799-B497-C4E82EAA2857}.Release|iPhone.ActiveCfg = Release|Any CPU
		{BE61BC12-A4F8-4799-B497-C4E82EAA2857}.Release|iPhone.Build.0 = Release|Any CPU
		{BE61BC12-A4F8-4799-B497-C4E82EAA2857}.Release|iPhoneSimulator.ActiveCfg = Release|Any CPU
		{BE61BC12-A4F8-4799-B497-C4E82EAA2857}.Release|iPhoneSimulator.Build.0 = Release|Any CPU
		{BE61BC12-A4F8-4799-B497-C4E82EAA2857}.Release|x64.ActiveCfg = Release|Any CPU
		{BE61BC12-A4F8-4799-B497-C4E82EAA2857}.Release|x64.Build.0 = Release|Any CPU
		{BE61BC12-A4F8-4799-B497-C4E82EAA2857}.Release|x86.ActiveCfg = Release|Any CPU
		{BE61BC12-A4F8-4799-B497-C4E82EAA2857}.Release|x86.Build.0 = Release|Any CPU
		{C2559CA6-2002-4FEC-9855-069CF4E6F21D}.Debug|Any CPU.ActiveCfg = Debug|Any CPU
		{C2559CA6-2002-4FEC-9855-069CF4E6F21D}.Debug|Any CPU.Build.0 = Debug|Any CPU
		{C2559CA6-2002-4FEC-9855-069CF4E6F21D}.Debug|ARM.ActiveCfg = Debug|Any CPU
		{C2559CA6-2002-4FEC-9855-069CF4E6F21D}.Debug|ARM.Build.0 = Debug|Any CPU
		{C2559CA6-2002-4FEC-9855-069CF4E6F21D}.Debug|iPhone.ActiveCfg = Debug|Any CPU
		{C2559CA6-2002-4FEC-9855-069CF4E6F21D}.Debug|iPhone.Build.0 = Debug|Any CPU
		{C2559CA6-2002-4FEC-9855-069CF4E6F21D}.Debug|iPhoneSimulator.ActiveCfg = Debug|Any CPU
		{C2559CA6-2002-4FEC-9855-069CF4E6F21D}.Debug|iPhoneSimulator.Build.0 = Debug|Any CPU
		{C2559CA6-2002-4FEC-9855-069CF4E6F21D}.Debug|x64.ActiveCfg = Debug|Any CPU
		{C2559CA6-2002-4FEC-9855-069CF4E6F21D}.Debug|x64.Build.0 = Debug|Any CPU
		{C2559CA6-2002-4FEC-9855-069CF4E6F21D}.Debug|x86.ActiveCfg = Debug|Any CPU
		{C2559CA6-2002-4FEC-9855-069CF4E6F21D}.Debug|x86.Build.0 = Debug|Any CPU
		{C2559CA6-2002-4FEC-9855-069CF4E6F21D}.Release|Any CPU.ActiveCfg = Release|Any CPU
		{C2559CA6-2002-4FEC-9855-069CF4E6F21D}.Release|Any CPU.Build.0 = Release|Any CPU
		{C2559CA6-2002-4FEC-9855-069CF4E6F21D}.Release|ARM.ActiveCfg = Release|Any CPU
		{C2559CA6-2002-4FEC-9855-069CF4E6F21D}.Release|ARM.Build.0 = Release|Any CPU
		{C2559CA6-2002-4FEC-9855-069CF4E6F21D}.Release|iPhone.ActiveCfg = Release|Any CPU
		{C2559CA6-2002-4FEC-9855-069CF4E6F21D}.Release|iPhone.Build.0 = Release|Any CPU
		{C2559CA6-2002-4FEC-9855-069CF4E6F21D}.Release|iPhoneSimulator.ActiveCfg = Release|Any CPU
		{C2559CA6-2002-4FEC-9855-069CF4E6F21D}.Release|iPhoneSimulator.Build.0 = Release|Any CPU
		{C2559CA6-2002-4FEC-9855-069CF4E6F21D}.Release|x64.ActiveCfg = Release|Any CPU
		{C2559CA6-2002-4FEC-9855-069CF4E6F21D}.Release|x64.Build.0 = Release|Any CPU
		{C2559CA6-2002-4FEC-9855-069CF4E6F21D}.Release|x86.ActiveCfg = Release|Any CPU
		{C2559CA6-2002-4FEC-9855-069CF4E6F21D}.Release|x86.Build.0 = Release|Any CPU
		{017B646E-D025-47B5-8888-11BBADF753F9}.Debug|Any CPU.ActiveCfg = Debug|x86
		{017B646E-D025-47B5-8888-11BBADF753F9}.Debug|ARM.ActiveCfg = Debug|ARM
		{017B646E-D025-47B5-8888-11BBADF753F9}.Debug|ARM.Build.0 = Debug|ARM
		{017B646E-D025-47B5-8888-11BBADF753F9}.Debug|ARM.Deploy.0 = Debug|ARM
		{017B646E-D025-47B5-8888-11BBADF753F9}.Debug|iPhone.ActiveCfg = Debug|x86
		{017B646E-D025-47B5-8888-11BBADF753F9}.Debug|iPhoneSimulator.ActiveCfg = Debug|x86
		{017B646E-D025-47B5-8888-11BBADF753F9}.Debug|x64.ActiveCfg = Debug|x64
		{017B646E-D025-47B5-8888-11BBADF753F9}.Debug|x64.Build.0 = Debug|x64
		{017B646E-D025-47B5-8888-11BBADF753F9}.Debug|x64.Deploy.0 = Debug|x64
		{017B646E-D025-47B5-8888-11BBADF753F9}.Debug|x86.ActiveCfg = Debug|x86
		{017B646E-D025-47B5-8888-11BBADF753F9}.Debug|x86.Build.0 = Debug|x86
		{017B646E-D025-47B5-8888-11BBADF753F9}.Debug|x86.Deploy.0 = Debug|x86
		{017B646E-D025-47B5-8888-11BBADF753F9}.Release|Any CPU.ActiveCfg = Release|x86
		{017B646E-D025-47B5-8888-11BBADF753F9}.Release|ARM.ActiveCfg = Release|ARM
		{017B646E-D025-47B5-8888-11BBADF753F9}.Release|ARM.Build.0 = Release|ARM
		{017B646E-D025-47B5-8888-11BBADF753F9}.Release|ARM.Deploy.0 = Release|ARM
		{017B646E-D025-47B5-8888-11BBADF753F9}.Release|iPhone.ActiveCfg = Release|x86
		{017B646E-D025-47B5-8888-11BBADF753F9}.Release|iPhoneSimulator.ActiveCfg = Release|x86
		{017B646E-D025-47B5-8888-11BBADF753F9}.Release|x64.ActiveCfg = Release|x64
		{017B646E-D025-47B5-8888-11BBADF753F9}.Release|x64.Build.0 = Release|x64
		{017B646E-D025-47B5-8888-11BBADF753F9}.Release|x64.Deploy.0 = Release|x64
		{017B646E-D025-47B5-8888-11BBADF753F9}.Release|x86.ActiveCfg = Release|x86
		{017B646E-D025-47B5-8888-11BBADF753F9}.Release|x86.Build.0 = Release|x86
		{017B646E-D025-47B5-8888-11BBADF753F9}.Release|x86.Deploy.0 = Release|x86
		{E9DCE865-FCC8-4D15-9432-B961E0FC1661}.Debug|Any CPU.ActiveCfg = Debug|Any CPU
		{E9DCE865-FCC8-4D15-9432-B961E0FC1661}.Debug|Any CPU.Build.0 = Debug|Any CPU
		{E9DCE865-FCC8-4D15-9432-B961E0FC1661}.Debug|ARM.ActiveCfg = Debug|Any CPU
		{E9DCE865-FCC8-4D15-9432-B961E0FC1661}.Debug|ARM.Build.0 = Debug|Any CPU
		{E9DCE865-FCC8-4D15-9432-B961E0FC1661}.Debug|iPhone.ActiveCfg = Debug|Any CPU
		{E9DCE865-FCC8-4D15-9432-B961E0FC1661}.Debug|iPhone.Build.0 = Debug|Any CPU
		{E9DCE865-FCC8-4D15-9432-B961E0FC1661}.Debug|iPhoneSimulator.ActiveCfg = Debug|Any CPU
		{E9DCE865-FCC8-4D15-9432-B961E0FC1661}.Debug|iPhoneSimulator.Build.0 = Debug|Any CPU
		{E9DCE865-FCC8-4D15-9432-B961E0FC1661}.Debug|x64.ActiveCfg = Debug|Any CPU
		{E9DCE865-FCC8-4D15-9432-B961E0FC1661}.Debug|x64.Build.0 = Debug|Any CPU
		{E9DCE865-FCC8-4D15-9432-B961E0FC1661}.Debug|x86.ActiveCfg = Debug|Any CPU
		{E9DCE865-FCC8-4D15-9432-B961E0FC1661}.Debug|x86.Build.0 = Debug|Any CPU
		{E9DCE865-FCC8-4D15-9432-B961E0FC1661}.Release|Any CPU.ActiveCfg = Release|Any CPU
		{E9DCE865-FCC8-4D15-9432-B961E0FC1661}.Release|Any CPU.Build.0 = Release|Any CPU
		{E9DCE865-FCC8-4D15-9432-B961E0FC1661}.Release|ARM.ActiveCfg = Release|Any CPU
		{E9DCE865-FCC8-4D15-9432-B961E0FC1661}.Release|ARM.Build.0 = Release|Any CPU
		{E9DCE865-FCC8-4D15-9432-B961E0FC1661}.Release|iPhone.ActiveCfg = Release|Any CPU
		{E9DCE865-FCC8-4D15-9432-B961E0FC1661}.Release|iPhone.Build.0 = Release|Any CPU
		{E9DCE865-FCC8-4D15-9432-B961E0FC1661}.Release|iPhoneSimulator.ActiveCfg = Release|Any CPU
		{E9DCE865-FCC8-4D15-9432-B961E0FC1661}.Release|iPhoneSimulator.Build.0 = Release|Any CPU
		{E9DCE865-FCC8-4D15-9432-B961E0FC1661}.Release|x64.ActiveCfg = Release|Any CPU
		{E9DCE865-FCC8-4D15-9432-B961E0FC1661}.Release|x64.Build.0 = Release|Any CPU
		{E9DCE865-FCC8-4D15-9432-B961E0FC1661}.Release|x86.ActiveCfg = Release|Any CPU
		{E9DCE865-FCC8-4D15-9432-B961E0FC1661}.Release|x86.Build.0 = Release|Any CPU
	EndGlobalSection
	GlobalSection(SolutionProperties) = preSolution
		HideSolutionNode = FALSE
	EndGlobalSection
	GlobalSection(NestedProjects) = preSolution
		{9841304E-3353-46C2-A736-0426572B9A7A} = {018BA538-278E-4A8C-AA72-F187E22F0582}
		{AED08480-67F0-44F2-A0F0-620ED363CFB7} = {9841304E-3353-46C2-A736-0426572B9A7A}
		{E9608B7F-F331-4C42-8205-23D02A46296C} = {9841304E-3353-46C2-A736-0426572B9A7A}
		{93A16B29-C56B-4FAD-93BF-0C57429656F4} = {9841304E-3353-46C2-A736-0426572B9A7A}
		{CCA4057C-C968-430B-AFD0-9CDA2B93C23D} = {8B0141BA-576A-4C8B-80C7-3B4E946113A2}
		{305E0D3B-D543-486C-B1BC-B41214293FC5} = {8B0141BA-576A-4C8B-80C7-3B4E946113A2}
		{1A34E412-6C6B-47C3-A361-8D1E4E368BBB} = {A093AA42-A242-45C7-B8A3-5F3EE09634AA}
		{390A59C1-2823-4740-8CAF-DD35D0F6CBE8} = {A093AA42-A242-45C7-B8A3-5F3EE09634AA}
		{C5701394-0E45-4904-86CD-2E82B83DCB6A} = {90D5809D-681A-40BD-933F-BC9BB1E98CD8}
		{CF7FC9CD-7B6B-4774-96D1-923D4DD0A16F} = {90D5809D-681A-40BD-933F-BC9BB1E98CD8}
		{843B5445-EE3C-4310-BC67-BFD70200C4DD} = {449548BD-EB4F-4A91-AA72-2F37B74E3246}
		{FBE04A68-2E55-4A50-A88A-EDED4AB336AD} = {449548BD-EB4F-4A91-AA72-2F37B74E3246}
		{E390B476-FB58-4A8F-9C68-E13EEAEED59C} = {6B4C10DF-405D-4E17-A2A2-3058B59ED8ED}
		{D0FE69F1-A627-4566-A465-17E07E29A51F} = {E390B476-FB58-4A8F-9C68-E13EEAEED59C}
		{29459490-2B0F-4BC8-A6A8-5D7E4DD54EA5} = {E390B476-FB58-4A8F-9C68-E13EEAEED59C}
		{19BDC7F1-B8E3-4EF6-B9E0-073C4B005315} = {E390B476-FB58-4A8F-9C68-E13EEAEED59C}
		{1ECB00F3-CB11-498D-A70A-E0C7245CF0B6} = {6B4C10DF-405D-4E17-A2A2-3058B59ED8ED}
		{BE61BC12-A4F8-4799-B497-C4E82EAA2857} = {1ECB00F3-CB11-498D-A70A-E0C7245CF0B6}
		{C2559CA6-2002-4FEC-9855-069CF4E6F21D} = {1ECB00F3-CB11-498D-A70A-E0C7245CF0B6}
		{017B646E-D025-47B5-8888-11BBADF753F9} = {9841304E-3353-46C2-A736-0426572B9A7A}
		{E9DCE865-FCC8-4D15-9432-B961E0FC1661} = {5D8FEE49-1274-4A51-BE2E-3244E36EAE6F}
	EndGlobalSection
	GlobalSection(ExtensibilityGlobals) = postSolution
		SolutionGuid = {94C27591-DF40-4F69-9487-5BB62D3C984B}
	EndGlobalSection
	GlobalSection(MonoDevelopProperties) = preSolution
		Policies = $0
		$0.TextStylePolicy = $1
		$1.FileWidth = 80
		$1.TabsToSpaces = True
		$1.scope = text/x-csharp
		$0.CSharpFormattingPolicy = $2
		$2.scope = text/x-csharp
	EndGlobalSection
EndGlobal
